// !$*UTF8*$!
{
	archiveVersion = 1;
	classes = {
	};
	objectVersion = 46;
	objects = {

/* Begin PBXBuildFile section */
		0F2D488B18860E13007B51B7 /* RPLTableDataSource.m in Sources */ = {isa = PBXBuildFile; fileRef = 0F2D488A18860E13007B51B7 /* RPLTableDataSource.m */; };
		0F3248F81885DD0C005324B4 /* Participant.m in Sources */ = {isa = PBXBuildFile; fileRef = 0F3248F71885DD0C005324B4 /* Participant.m */; };
		0F3248FA1885E1DB005324B4 /* Bootcamp.plist in Resources */ = {isa = PBXBuildFile; fileRef = 0F3248F91885E1DB005324B4 /* Bootcamp.plist */; };
		0F5D6EC0188892B60002DE95 /* Day 4 Questions.txt in Resources */ = {isa = PBXBuildFile; fileRef = 0F5D6EBF188892B60002DE95 /* Day 4 Questions.txt */; };
		0F880A42188460CA00D9B4BC /* Foundation.framework in Frameworks */ = {isa = PBXBuildFile; fileRef = 0F880A41188460CA00D9B4BC /* Foundation.framework */; };
		0F880A44188460CA00D9B4BC /* CoreGraphics.framework in Frameworks */ = {isa = PBXBuildFile; fileRef = 0F880A43188460CA00D9B4BC /* CoreGraphics.framework */; };
		0F880A46188460CA00D9B4BC /* UIKit.framework in Frameworks */ = {isa = PBXBuildFile; fileRef = 0F880A45188460CA00D9B4BC /* UIKit.framework */; };
		0F880A4C188460CA00D9B4BC /* InfoPlist.strings in Resources */ = {isa = PBXBuildFile; fileRef = 0F880A4A188460CA00D9B4BC /* InfoPlist.strings */; };
		0F880A4E188460CA00D9B4BC /* main.m in Sources */ = {isa = PBXBuildFile; fileRef = 0F880A4D188460CA00D9B4BC /* main.m */; };
		0F880A52188460CA00D9B4BC /* RPLAppDelegate.m in Sources */ = {isa = PBXBuildFile; fileRef = 0F880A51188460CA00D9B4BC /* RPLAppDelegate.m */; };
		0F880A55188460CA00D9B4BC /* Main.storyboard in Resources */ = {isa = PBXBuildFile; fileRef = 0F880A53188460CA00D9B4BC /* Main.storyboard */; };
		0F880A5A188460CA00D9B4BC /* Images.xcassets in Resources */ = {isa = PBXBuildFile; fileRef = 0F880A59188460CA00D9B4BC /* Images.xcassets */; };
		0F880A61188460CA00D9B4BC /* XCTest.framework in Frameworks */ = {isa = PBXBuildFile; fileRef = 0F880A60188460CA00D9B4BC /* XCTest.framework */; };
		0F880A62188460CA00D9B4BC /* Foundation.framework in Frameworks */ = {isa = PBXBuildFile; fileRef = 0F880A41188460CA00D9B4BC /* Foundation.framework */; };
		0F880A63188460CA00D9B4BC /* UIKit.framework in Frameworks */ = {isa = PBXBuildFile; fileRef = 0F880A45188460CA00D9B4BC /* UIKit.framework */; };
		0F880A6B188460CA00D9B4BC /* InfoPlist.strings in Resources */ = {isa = PBXBuildFile; fileRef = 0F880A69188460CA00D9B4BC /* InfoPlist.strings */; };
		0F880A6D188460CA00D9B4BC /* FirstDayDemoTests.m in Sources */ = {isa = PBXBuildFile; fileRef = 0F880A6C188460CA00D9B4BC /* FirstDayDemoTests.m */; };
		0F880ABC1884AB7900D9B4BC /* RPLTableViewController.m in Sources */ = {isa = PBXBuildFile; fileRef = 0F880ABB1884AB7900D9B4BC /* RPLTableViewController.m */; };
		0FE264501885BB99008A4EEE /* RPLDetailViewController.m in Sources */ = {isa = PBXBuildFile; fileRef = 0FE2644F1885BB99008A4EEE /* RPLDetailViewController.m */; };
/* End PBXBuildFile section */

/* Begin PBXContainerItemProxy section */
		0F880A64188460CA00D9B4BC /* PBXContainerItemProxy */ = {
			isa = PBXContainerItemProxy;
			containerPortal = 0F880A36188460CA00D9B4BC /* Project object */;
			proxyType = 1;
			remoteGlobalIDString = 0F880A3D188460CA00D9B4BC;
			remoteInfo = FirstDayDemo;
		};
/* End PBXContainerItemProxy section */

/* Begin PBXFileReference section */
		0F2D488918860E13007B51B7 /* RPLTableDataSource.h */ = {isa = PBXFileReference; fileEncoding = 4; lastKnownFileType = sourcecode.c.h; path = RPLTableDataSource.h; sourceTree = "<group>"; };
		0F2D488A18860E13007B51B7 /* RPLTableDataSource.m */ = {isa = PBXFileReference; fileEncoding = 4; lastKnownFileType = sourcecode.c.objc; path = RPLTableDataSource.m; sourceTree = "<group>"; };
		0F3248F61885DD0C005324B4 /* Participant.h */ = {isa = PBXFileReference; fileEncoding = 4; lastKnownFileType = sourcecode.c.h; path = Participant.h; sourceTree = "<group>"; };
		0F3248F71885DD0C005324B4 /* Participant.m */ = {isa = PBXFileReference; fileEncoding = 4; lastKnownFileType = sourcecode.c.objc; path = Participant.m; sourceTree = "<group>"; };
		0F3248F91885E1DB005324B4 /* Bootcamp.plist */ = {isa = PBXFileReference; fileEncoding = 4; lastKnownFileType = text.plist.xml; name = Bootcamp.plist; path = ../Bootcamp.plist; sourceTree = "<group>"; };
		0F5D6EBF188892B60002DE95 /* Day 4 Questions.txt */ = {isa = PBXFileReference; fileEncoding = 4; lastKnownFileType = text; path = "Day 4 Questions.txt"; sourceTree = "<group>"; };
		0F880A3E188460CA00D9B4BC /* FirstDayDemo.app */ = {isa = PBXFileReference; explicitFileType = wrapper.application; includeInIndex = 0; path = FirstDayDemo.app; sourceTree = BUILT_PRODUCTS_DIR; };
		0F880A41188460CA00D9B4BC /* Foundation.framework */ = {isa = PBXFileReference; lastKnownFileType = wrapper.framework; name = Foundation.framework; path = System/Library/Frameworks/Foundation.framework; sourceTree = SDKROOT; };
		0F880A43188460CA00D9B4BC /* CoreGraphics.framework */ = {isa = PBXFileReference; lastKnownFileType = wrapper.framework; name = CoreGraphics.framework; path = System/Library/Frameworks/CoreGraphics.framework; sourceTree = SDKROOT; };
		0F880A45188460CA00D9B4BC /* UIKit.framework */ = {isa = PBXFileReference; lastKnownFileType = wrapper.framework; name = UIKit.framework; path = System/Library/Frameworks/UIKit.framework; sourceTree = SDKROOT; };
		0F880A49188460CA00D9B4BC /* FirstDayDemo-Info.plist */ = {isa = PBXFileReference; lastKnownFileType = text.plist.xml; path = "FirstDayDemo-Info.plist"; sourceTree = "<group>"; };
		0F880A4B188460CA00D9B4BC /* en */ = {isa = PBXFileReference; lastKnownFileType = text.plist.strings; name = en; path = en.lproj/InfoPlist.strings; sourceTree = "<group>"; };
		0F880A4D188460CA00D9B4BC /* main.m */ = {isa = PBXFileReference; lastKnownFileType = sourcecode.c.objc; path = main.m; sourceTree = "<group>"; };
		0F880A4F188460CA00D9B4BC /* FirstDayDemo-Prefix.pch */ = {isa = PBXFileReference; lastKnownFileType = sourcecode.c.h; path = "FirstDayDemo-Prefix.pch"; sourceTree = "<group>"; };
		0F880A50188460CA00D9B4BC /* RPLAppDelegate.h */ = {isa = PBXFileReference; lastKnownFileType = sourcecode.c.h; path = RPLAppDelegate.h; sourceTree = "<group>"; };
		0F880A51188460CA00D9B4BC /* RPLAppDelegate.m */ = {isa = PBXFileReference; lastKnownFileType = sourcecode.c.objc; path = RPLAppDelegate.m; sourceTree = "<group>"; };
		0F880A54188460CA00D9B4BC /* Base */ = {isa = PBXFileReference; lastKnownFileType = file.storyboard; name = Base; path = Base.lproj/Main.storyboard; sourceTree = "<group>"; };
		0F880A59188460CA00D9B4BC /* Images.xcassets */ = {isa = PBXFileReference; lastKnownFileType = folder.assetcatalog; path = Images.xcassets; sourceTree = "<group>"; };
		0F880A5F188460CA00D9B4BC /* FirstDayDemoTests.xctest */ = {isa = PBXFileReference; explicitFileType = wrapper.cfbundle; includeInIndex = 0; path = FirstDayDemoTests.xctest; sourceTree = BUILT_PRODUCTS_DIR; };
		0F880A60188460CA00D9B4BC /* XCTest.framework */ = {isa = PBXFileReference; lastKnownFileType = wrapper.framework; name = XCTest.framework; path = Library/Frameworks/XCTest.framework; sourceTree = DEVELOPER_DIR; };
		0F880A68188460CA00D9B4BC /* FirstDayDemoTests-Info.plist */ = {isa = PBXFileReference; lastKnownFileType = text.plist.xml; path = "FirstDayDemoTests-Info.plist"; sourceTree = "<group>"; };
		0F880A6A188460CA00D9B4BC /* en */ = {isa = PBXFileReference; lastKnownFileType = text.plist.strings; name = en; path = en.lproj/InfoPlist.strings; sourceTree = "<group>"; };
		0F880A6C188460CA00D9B4BC /* FirstDayDemoTests.m */ = {isa = PBXFileReference; lastKnownFileType = sourcecode.c.objc; path = FirstDayDemoTests.m; sourceTree = "<group>"; };
		0F880ABA1884AB7900D9B4BC /* RPLTableViewController.h */ = {isa = PBXFileReference; fileEncoding = 4; lastKnownFileType = sourcecode.c.h; path = RPLTableViewController.h; sourceTree = "<group>"; };
		0F880ABB1884AB7900D9B4BC /* RPLTableViewController.m */ = {isa = PBXFileReference; fileEncoding = 4; lastKnownFileType = sourcecode.c.objc; path = RPLTableViewController.m; sourceTree = "<group>"; };
		0FE2644E1885BB99008A4EEE /* RPLDetailViewController.h */ = {isa = PBXFileReference; fileEncoding = 4; lastKnownFileType = sourcecode.c.h; path = RPLDetailViewController.h; sourceTree = "<group>"; };
		0FE2644F1885BB99008A4EEE /* RPLDetailViewController.m */ = {isa = PBXFileReference; fileEncoding = 4; lastKnownFileType = sourcecode.c.objc; path = RPLDetailViewController.m; sourceTree = "<group>"; };
/* End PBXFileReference section */

/* Begin PBXFrameworksBuildPhase section */
		0F880A3B188460CA00D9B4BC /* Frameworks */ = {
			isa = PBXFrameworksBuildPhase;
			buildActionMask = 2147483647;
			files = (
				0F880A44188460CA00D9B4BC /* CoreGraphics.framework in Frameworks */,
				0F880A46188460CA00D9B4BC /* UIKit.framework in Frameworks */,
				0F880A42188460CA00D9B4BC /* Foundation.framework in Frameworks */,
			);
			runOnlyForDeploymentPostprocessing = 0;
		};
		0F880A5C188460CA00D9B4BC /* Frameworks */ = {
			isa = PBXFrameworksBuildPhase;
			buildActionMask = 2147483647;
			files = (
				0F880A61188460CA00D9B4BC /* XCTest.framework in Frameworks */,
				0F880A63188460CA00D9B4BC /* UIKit.framework in Frameworks */,
				0F880A62188460CA00D9B4BC /* Foundation.framework in Frameworks */,
			);
			runOnlyForDeploymentPostprocessing = 0;
		};
/* End PBXFrameworksBuildPhase section */

/* Begin PBXGroup section */
		0F880A35188460CA00D9B4BC = {
			isa = PBXGroup;
			children = (
				0F5D6EBF188892B60002DE95 /* Day 4 Questions.txt */,
				0F880A47188460CA00D9B4BC /* FirstDayDemo */,
				0F880A66188460CA00D9B4BC /* FirstDayDemoTests */,
				0F880A40188460CA00D9B4BC /* Frameworks */,
				0F880A3F188460CA00D9B4BC /* Products */,
			);
			sourceTree = "<group>";
		};
		0F880A3F188460CA00D9B4BC /* Products */ = {
			isa = PBXGroup;
			children = (
				0F880A3E188460CA00D9B4BC /* FirstDayDemo.app */,
				0F880A5F188460CA00D9B4BC /* FirstDayDemoTests.xctest */,
			);
			name = Products;
			sourceTree = "<group>";
		};
		0F880A40188460CA00D9B4BC /* Frameworks */ = {
			isa = PBXGroup;
			children = (
				0F880A41188460CA00D9B4BC /* Foundation.framework */,
				0F880A43188460CA00D9B4BC /* CoreGraphics.framework */,
				0F880A45188460CA00D9B4BC /* UIKit.framework */,
				0F880A60188460CA00D9B4BC /* XCTest.framework */,
			);
			name = Frameworks;
			sourceTree = "<group>";
		};
		0F880A47188460CA00D9B4BC /* FirstDayDemo */ = {
			isa = PBXGroup;
			children = (
				0F880A50188460CA00D9B4BC /* RPLAppDelegate.h */,
				0F880A51188460CA00D9B4BC /* RPLAppDelegate.m */,
				0FCA1A9E18874082007F6CD5 /* View */,
				0FCA1A9D18874073007F6CD5 /* Controller */,
				0FCA1A9B18872FE4007F6CD5 /* Model */,
				0F880A59188460CA00D9B4BC /* Images.xcassets */,
				0F880A48188460CA00D9B4BC /* Supporting Files */,
			);
			path = FirstDayDemo;
			sourceTree = "<group>";
		};
		0F880A48188460CA00D9B4BC /* Supporting Files */ = {
			isa = PBXGroup;
			children = (
				0F3248F91885E1DB005324B4 /* Bootcamp.plist */,
				0F880A49188460CA00D9B4BC /* FirstDayDemo-Info.plist */,
				0F880A4A188460CA00D9B4BC /* InfoPlist.strings */,
				0F880A4D188460CA00D9B4BC /* main.m */,
				0F880A4F188460CA00D9B4BC /* FirstDayDemo-Prefix.pch */,
			);
			name = "Supporting Files";
			sourceTree = "<group>";
		};
		0F880A66188460CA00D9B4BC /* FirstDayDemoTests */ = {
			isa = PBXGroup;
			children = (
				0F880A6C188460CA00D9B4BC /* FirstDayDemoTests.m */,
				0F880A67188460CA00D9B4BC /* Supporting Files */,
			);
			path = FirstDayDemoTests;
			sourceTree = "<group>";
		};
		0F880A67188460CA00D9B4BC /* Supporting Files */ = {
			isa = PBXGroup;
			children = (
				0F880A68188460CA00D9B4BC /* FirstDayDemoTests-Info.plist */,
				0F880A69188460CA00D9B4BC /* InfoPlist.strings */,
			);
			name = "Supporting Files";
			sourceTree = "<group>";
		};
		0FCA1A9B18872FE4007F6CD5 /* Model */ = {
			isa = PBXGroup;
			children = (
				0F3248F61885DD0C005324B4 /* Participant.h */,
				0F3248F71885DD0C005324B4 /* Participant.m */,
			);
			name = Model;
			sourceTree = "<group>";
		};
		0FCA1A9D18874073007F6CD5 /* Controller */ = {
			isa = PBXGroup;
			children = (
				0FE2644E1885BB99008A4EEE /* RPLDetailViewController.h */,
				0FE2644F1885BB99008A4EEE /* RPLDetailViewController.m */,
				0F880ABA1884AB7900D9B4BC /* RPLTableViewController.h */,
				0F880ABB1884AB7900D9B4BC /* RPLTableViewController.m */,
				0F2D488918860E13007B51B7 /* RPLTableDataSource.h */,
				0F2D488A18860E13007B51B7 /* RPLTableDataSource.m */,
				0F880A53188460CA00D9B4BC /* Main.storyboard */,
			);
			name = Controller;
			sourceTree = "<group>";
		};
		0FCA1A9E18874082007F6CD5 /* View */ = {
			isa = PBXGroup;
			children = (
			);
			name = View;
			sourceTree = "<group>";
		};
/* End PBXGroup section */

/* Begin PBXNativeTarget section */
		0F880A3D188460CA00D9B4BC /* FirstDayDemo */ = {
			isa = PBXNativeTarget;
			buildConfigurationList = 0F880A70188460CA00D9B4BC /* Build configuration list for PBXNativeTarget "FirstDayDemo" */;
			buildPhases = (
				0F880A3A188460CA00D9B4BC /* Sources */,
				0F880A3B188460CA00D9B4BC /* Frameworks */,
				0F880A3C188460CA00D9B4BC /* Resources */,
			);
			buildRules = (
			);
			dependencies = (
			);
			name = FirstDayDemo;
			productName = FirstDayDemo;
			productReference = 0F880A3E188460CA00D9B4BC /* FirstDayDemo.app */;
			productType = "com.apple.product-type.application";
		};
		0F880A5E188460CA00D9B4BC /* FirstDayDemoTests */ = {
			isa = PBXNativeTarget;
			buildConfigurationList = 0F880A73188460CA00D9B4BC /* Build configuration list for PBXNativeTarget "FirstDayDemoTests" */;
			buildPhases = (
				0F880A5B188460CA00D9B4BC /* Sources */,
				0F880A5C188460CA00D9B4BC /* Frameworks */,
				0F880A5D188460CA00D9B4BC /* Resources */,
			);
			buildRules = (
			);
			dependencies = (
				0F880A65188460CA00D9B4BC /* PBXTargetDependency */,
			);
			name = FirstDayDemoTests;
			productName = FirstDayDemoTests;
			productReference = 0F880A5F188460CA00D9B4BC /* FirstDayDemoTests.xctest */;
			productType = "com.apple.product-type.bundle.unit-test";
		};
/* End PBXNativeTarget section */

/* Begin PBXProject section */
		0F880A36188460CA00D9B4BC /* Project object */ = {
			isa = PBXProject;
			attributes = {
				CLASSPREFIX = RPL;
				LastUpgradeCheck = 0500;
				ORGANIZATIONNAME = Codefellows;
				TargetAttributes = {
					0F880A3D188460CA00D9B4BC = {
						DevelopmentTeam = YW6R5GT9L6;
					};
					0F880A5E188460CA00D9B4BC = {
						TestTargetID = 0F880A3D188460CA00D9B4BC;
					};
				};
			};
			buildConfigurationList = 0F880A39188460CA00D9B4BC /* Build configuration list for PBXProject "FirstDayDemo" */;
			compatibilityVersion = "Xcode 3.2";
			developmentRegion = English;
			hasScannedForEncodings = 0;
			knownRegions = (
				en,
				Base,
			);
			mainGroup = 0F880A35188460CA00D9B4BC;
			productRefGroup = 0F880A3F188460CA00D9B4BC /* Products */;
			projectDirPath = "";
			projectRoot = "";
			targets = (
				0F880A3D188460CA00D9B4BC /* FirstDayDemo */,
				0F880A5E188460CA00D9B4BC /* FirstDayDemoTests */,
			);
		};
/* End PBXProject section */

/* Begin PBXResourcesBuildPhase section */
		0F880A3C188460CA00D9B4BC /* Resources */ = {
			isa = PBXResourcesBuildPhase;
			buildActionMask = 2147483647;
			files = (
				0F5D6EC0188892B60002DE95 /* Day 4 Questions.txt in Resources */,
				0F880A5A188460CA00D9B4BC /* Images.xcassets in Resources */,
				0F3248FA1885E1DB005324B4 /* Bootcamp.plist in Resources */,
				0F880A4C188460CA00D9B4BC /* InfoPlist.strings in Resources */,
				0F880A55188460CA00D9B4BC /* Main.storyboard in Resources */,
			);
			runOnlyForDeploymentPostprocessing = 0;
		};
		0F880A5D188460CA00D9B4BC /* Resources */ = {
			isa = PBXResourcesBuildPhase;
			buildActionMask = 2147483647;
			files = (
				0F880A6B188460CA00D9B4BC /* InfoPlist.strings in Resources */,
			);
			runOnlyForDeploymentPostprocessing = 0;
		};
/* End PBXResourcesBuildPhase section */

/* Begin PBXSourcesBuildPhase section */
		0F880A3A188460CA00D9B4BC /* Sources */ = {
			isa = PBXSourcesBuildPhase;
			buildActionMask = 2147483647;
			files = (
				0FE264501885BB99008A4EEE /* RPLDetailViewController.m in Sources */,
				0F880ABC1884AB7900D9B4BC /* RPLTableViewController.m in Sources */,
				0F3248F81885DD0C005324B4 /* Participant.m in Sources */,
				0F880A4E188460CA00D9B4BC /* main.m in Sources */,
				0F2D488B18860E13007B51B7 /* RPLTableDataSource.m in Sources */,
				0F880A52188460CA00D9B4BC /* RPLAppDelegate.m in Sources */,
			);
			runOnlyForDeploymentPostprocessing = 0;
		};
		0F880A5B188460CA00D9B4BC /* Sources */ = {
			isa = PBXSourcesBuildPhase;
			buildActionMask = 2147483647;
			files = (
				0F880A6D188460CA00D9B4BC /* FirstDayDemoTests.m in Sources */,
			);
			runOnlyForDeploymentPostprocessing = 0;
		};
/* End PBXSourcesBuildPhase section */

/* Begin PBXTargetDependency section */
		0F880A65188460CA00D9B4BC /* PBXTargetDependency */ = {
			isa = PBXTargetDependency;
			target = 0F880A3D188460CA00D9B4BC /* FirstDayDemo */;
			targetProxy = 0F880A64188460CA00D9B4BC /* PBXContainerItemProxy */;
		};
/* End PBXTargetDependency section */

/* Begin PBXVariantGroup section */
		0F880A4A188460CA00D9B4BC /* InfoPlist.strings */ = {
			isa = PBXVariantGroup;
			children = (
				0F880A4B188460CA00D9B4BC /* en */,
			);
			name = InfoPlist.strings;
			sourceTree = "<group>";
		};
		0F880A53188460CA00D9B4BC /* Main.storyboard */ = {
			isa = PBXVariantGroup;
			children = (
				0F880A54188460CA00D9B4BC /* Base */,
			);
			name = Main.storyboard;
			sourceTree = "<group>";
		};
		0F880A69188460CA00D9B4BC /* InfoPlist.strings */ = {
			isa = PBXVariantGroup;
			children = (
				0F880A6A188460CA00D9B4BC /* en */,
			);
			name = InfoPlist.strings;
			sourceTree = "<group>";
		};
/* End PBXVariantGroup section */

/* Begin XCBuildConfiguration section */
		0F880A6E188460CA00D9B4BC /* Debug */ = {
			isa = XCBuildConfiguration;
			buildSettings = {
				ALWAYS_SEARCH_USER_PATHS = NO;
				ARCHS = "$(ARCHS_STANDARD_INCLUDING_64_BIT)";
				CLANG_CXX_LANGUAGE_STANDARD = "gnu++0x";
				CLANG_CXX_LIBRARY = "libc++";
				CLANG_ENABLE_MODULES = YES;
				CLANG_ENABLE_OBJC_ARC = YES;
				CLANG_WARN_BOOL_CONVERSION = YES;
				CLANG_WARN_CONSTANT_CONVERSION = YES;
				CLANG_WARN_DIRECT_OBJC_ISA_USAGE = YES_ERROR;
				CLANG_WARN_EMPTY_BODY = YES;
				CLANG_WARN_ENUM_CONVERSION = YES;
				CLANG_WARN_INT_CONVERSION = YES;
				CLANG_WARN_OBJC_ROOT_CLASS = YES_ERROR;
				CLANG_WARN__DUPLICATE_METHOD_MATCH = YES;
				"CODE_SIGN_IDENTITY[sdk=iphoneos*]" = "iPhone Developer";
				COPY_PHASE_STRIP = NO;
				GCC_C_LANGUAGE_STANDARD = gnu99;
				GCC_DYNAMIC_NO_PIC = NO;
				GCC_OPTIMIZATION_LEVEL = 0;
				GCC_PREPROCESSOR_DEFINITIONS = (
					"DEBUG=1",
					"$(inherited)",
				);
				GCC_SYMBOLS_PRIVATE_EXTERN = NO;
				GCC_WARN_64_TO_32_BIT_CONVERSION = YES;
				GCC_WARN_ABOUT_RETURN_TYPE = YES_ERROR;
				GCC_WARN_UNDECLARED_SELECTOR = YES;
				GCC_WARN_UNINITIALIZED_AUTOS = YES;
				GCC_WARN_UNUSED_FUNCTION = YES;
				GCC_WARN_UNUSED_VARIABLE = YES;
				IPHONEOS_DEPLOYMENT_TARGET = 7.0;
				ONLY_ACTIVE_ARCH = YES;
				SDKROOT = iphoneos;
			};
			name = Debug;
		};
		0F880A6F188460CA00D9B4BC /* Release */ = {
			isa = XCBuildConfiguration;
			buildSettings = {
				ALWAYS_SEARCH_USER_PATHS = NO;
				ARCHS = "$(ARCHS_STANDARD_INCLUDING_64_BIT)";
				CLANG_CXX_LANGUAGE_STANDARD = "gnu++0x";
				CLANG_CXX_LIBRARY = "libc++";
				CLANG_ENABLE_MODULES = YES;
				CLANG_ENABLE_OBJC_ARC = YES;
				CLANG_WARN_BOOL_CONVERSION = YES;
				CLANG_WARN_CONSTANT_CONVERSION = YES;
				CLANG_WARN_DIRECT_OBJC_ISA_USAGE = YES_ERROR;
				CLANG_WARN_EMPTY_BODY = YES;
				CLANG_WARN_ENUM_CONVERSION = YES;
				CLANG_WARN_INT_CONVERSION = YES;
				CLANG_WARN_OBJC_ROOT_CLASS = YES_ERROR;
				CLANG_WARN__DUPLICATE_METHOD_MATCH = YES;
				"CODE_SIGN_IDENTITY[sdk=iphoneos*]" = "iPhone Developer";
				COPY_PHASE_STRIP = YES;
				ENABLE_NS_ASSERTIONS = NO;
				GCC_C_LANGUAGE_STANDARD = gnu99;
				GCC_WARN_64_TO_32_BIT_CONVERSION = YES;
				GCC_WARN_ABOUT_RETURN_TYPE = YES_ERROR;
				GCC_WARN_UNDECLARED_SELECTOR = YES;
				GCC_WARN_UNINITIALIZED_AUTOS = YES;
				GCC_WARN_UNUSED_FUNCTION = YES;
				GCC_WARN_UNUSED_VARIABLE = YES;
				IPHONEOS_DEPLOYMENT_TARGET = 7.0;
				SDKROOT = iphoneos;
				VALIDATE_PRODUCT = YES;
			};
			name = Release;
		};
		0F880A71188460CA00D9B4BC /* Debug */ = {
			isa = XCBuildConfiguration;
			buildSettings = {
				ASSETCATALOG_COMPILER_APPICON_NAME = AppIcon;
				ASSETCATALOG_COMPILER_LAUNCHIMAGE_NAME = LaunchImage;
				CODE_SIGN_IDENTITY = "iPhone Developer";
				GCC_PRECOMPILE_PREFIX_HEADER = YES;
				GCC_PREFIX_HEADER = "FirstDayDemo/FirstDayDemo-Prefix.pch";
				INFOPLIST_FILE = "FirstDayDemo/FirstDayDemo-Info.plist";
				PRODUCT_NAME = "$(TARGET_NAME)";
				WRAPPER_EXTENSION = app;
			};
			name = Debug;
		};
		0F880A72188460CA00D9B4BC /* Release */ = {
			isa = XCBuildConfiguration;
			buildSettings = {
				ASSETCATALOG_COMPILER_APPICON_NAME = AppIcon;
				ASSETCATALOG_COMPILER_LAUNCHIMAGE_NAME = LaunchImage;
				CODE_SIGN_IDENTITY = "iPhone Developer";
				GCC_PRECOMPILE_PREFIX_HEADER = YES;
				GCC_PREFIX_HEADER = "FirstDayDemo/FirstDayDemo-Prefix.pch";
				INFOPLIST_FILE = "FirstDayDemo/FirstDayDemo-Info.plist";
				PRODUCT_NAME = "$(TARGET_NAME)";
				WRAPPER_EXTENSION = app;
			};
			name = Release;
		};
		0F880A74188460CA00D9B4BC /* Debug */ = {
			isa = XCBuildConfiguration;
			buildSettings = {
				ARCHS = "$(ARCHS_STANDARD_INCLUDING_64_BIT)";
				BUNDLE_LOADER = "$(BUILT_PRODUCTS_DIR)/FirstDayDemo.app/FirstDayDemo";
				FRAMEWORK_SEARCH_PATHS = (
					"$(SDKROOT)/Developer/Library/Frameworks",
					"$(inherited)",
					"$(DEVELOPER_FRAMEWORKS_DIR)",
				);
				GCC_PRECOMPILE_PREFIX_HEADER = YES;
				GCC_PREFIX_HEADER = "FirstDayDemo/FirstDayDemo-Prefix.pch";
				GCC_PREPROCESSOR_DEFINITIONS = (
					"DEBUG=1",
					"$(inherited)",
				);
				INFOPLIST_FILE = "FirstDayDemoTests/FirstDayDemoTests-Info.plist";
				PRODUCT_NAME = "$(TARGET_NAME)";
				TEST_HOST = "$(BUNDLE_LOADER)";
				WRAPPER_EXTENSION = xctest;
			};
			name = Debug;
		};
		0F880A75188460CA00D9B4BC /* Release */ = {
			isa = XCBuildConfiguration;
			buildSettings = {
				ARCHS = "$(ARCHS_STANDARD_INCLUDING_64_BIT)";
				BUNDLE_LOADER = "$(BUILT_PRODUCTS_DIR)/FirstDayDemo.app/FirstDayDemo";
				FRAMEWORK_SEARCH_PATHS = (
					"$(SDKROOT)/Developer/Library/Frameworks",
					"$(inherited)",
					"$(DEVELOPER_FRAMEWORKS_DIR)",
				);
				GCC_PRECOMPILE_PREFIX_HEADER = YES;
				GCC_PREFIX_HEADER = "FirstDayDemo/FirstDayDemo-Prefix.pch";
				INFOPLIST_FILE = "FirstDayDemoTests/FirstDayDemoTests-Info.plist";
				PRODUCT_NAME = "$(TARGET_NAME)";
				TEST_HOST = "$(BUNDLE_LOADER)";
				WRAPPER_EXTENSION = xctest;
			};
			name = Release;
		};
/* End XCBuildConfiguration section */

/* Begin XCConfigurationList section */
		0F880A39188460CA00D9B4BC /* Build configuration list for PBXProject "FirstDayDemo" */ = {
			isa = XCConfigurationList;
			buildConfigurations = (
				0F880A6E188460CA00D9B4BC /* Debug */,
				0F880A6F188460CA00D9B4BC /* Release */,
			);
			defaultConfigurationIsVisible = 0;
			defaultConfigurationName = Release;
		};
		0F880A70188460CA00D9B4BC /* Build configuration list for PBXNativeTarget "FirstDayDemo" */ = {
			isa = XCConfigurationList;
			buildConfigurations = (
				0F880A71188460CA00D9B4BC /* Debug */,
				0F880A72188460CA00D9B4BC /* Release */,
			);
			defaultConfigurationIsVisible = 0;
			defaultConfigurationName = Release;
		};
		0F880A73188460CA00D9B4BC /* Build configuration list for PBXNativeTarget "FirstDayDemoTests" */ = {
			isa = XCConfigurationList;
			buildConfigurations = (
				0F880A74188460CA00D9B4BC /* Debug */,
				0F880A75188460CA00D9B4BC /* Release */,
			);
			defaultConfigurationIsVisible = 0;
			defaultConfigurationName = Release;
		};
/* End XCConfigurationList section */
	};
	rootObject = 0F880A36188460CA00D9B4BC /* Project object */;
}
